{
  "name": "omega-syd-web",
  "version": "1.0.0",
  "lockfileVersion": 3,
  "requires": true,
  "packages": {
    "": {
      "name": "omega-syd-web",
      "version": "1.0.0",
      "private": true,
      "dependencies": {
        "next": "16",
        "react": "19",
        "react-dom": "19"
      }
    }
  }
}
